// !$*UTF8*$!
{
	archiveVersion = 1;
	classes = {
	};
	objectVersion = 56;
	objects = {

/* Begin PBXBuildFile section */
		4309331C29B8FC590052385E /* RoomView.swift in Sources */ = {isa = PBXBuildFile; fileRef = 4309331B29B8FC590052385E /* RoomView.swift */; };
		4309332229B914320052385E /* CardView.swift in Sources */ = {isa = PBXBuildFile; fileRef = 4309332129B914320052385E /* CardView.swift */; };
		4350174529A6D68D00EBDCF6 /* LocationManager.swift in Sources */ = {isa = PBXBuildFile; fileRef = 4350174429A6D68D00EBDCF6 /* LocationManager.swift */; };
		4350174829A6D9E700EBDCF6 /* LocationView.swift in Sources */ = {isa = PBXBuildFile; fileRef = 4350174729A6D9E700EBDCF6 /* LocationView.swift */; };
		4368673729AD70A800DBDF7E /* ExhibitView.swift in Sources */ = {isa = PBXBuildFile; fileRef = 4368673629AD70A800DBDF7E /* ExhibitView.swift */; };
		43886C5B29AD8D550036DFCF /* Magna Carta.mp3 in Resources */ = {isa = PBXBuildFile; fileRef = 43886C5A29AD8D550036DFCF /* Magna Carta.mp3 */; };
		43991E3329A6935900084F47 /* SmithBotApp.swift in Sources */ = {isa = PBXBuildFile; fileRef = 43991E3229A6935900084F47 /* SmithBotApp.swift */; };
		43991E3529A6935900084F47 /* ContentView.swift in Sources */ = {isa = PBXBuildFile; fileRef = 43991E3429A6935900084F47 /* ContentView.swift */; };
		43991E3729A6935900084F47 /* Assets.xcassets in Resources */ = {isa = PBXBuildFile; fileRef = 43991E3629A6935900084F47 /* Assets.xcassets */; };
		43991E3A29A6935900084F47 /* Preview Assets.xcassets in Resources */ = {isa = PBXBuildFile; fileRef = 43991E3929A6935900084F47 /* Preview Assets.xcassets */; };
		43991E4529A69DAC00084F47 /* Subsonic in Frameworks */ = {isa = PBXBuildFile; productRef = 43991E4429A69DAC00084F47 /* Subsonic */; };
		43991E4C29A69EA300084F47 /* guidedTour2.mp3 in Resources */ = {isa = PBXBuildFile; fileRef = 43991E4929A69EA300084F47 /* guidedTour2.mp3 */; };
		43991E4D29A69EA300084F47 /* guidedTour3.mp3 in Resources */ = {isa = PBXBuildFile; fileRef = 43991E4A29A69EA300084F47 /* guidedTour3.mp3 */; };
		43A09A1329AFBAB0000C7880 /* NeumorphicCard.swift in Sources */ = {isa = PBXBuildFile; fileRef = 43A09A1229AFBAB0000C7880 /* NeumorphicCard.swift */; };
		43A09A1729AFBD14000C7880 /* NeumorphicButton.swift in Sources */ = {isa = PBXBuildFile; fileRef = 43A09A1629AFBD14000C7880 /* NeumorphicButton.swift */; };
		43A09A1929AFC390000C7880 /* Immigrants.mp3 in Resources */ = {isa = PBXBuildFile; fileRef = 43A09A1829AFC390000C7880 /* Immigrants.mp3 */; };
		43A09A1B29AFC4D9000C7880 /* Women.mp3 in Resources */ = {isa = PBXBuildFile; fileRef = 43A09A1A29AFC4D9000C7880 /* Women.mp3 */; };
		43A09A1D29AFC5A4000C7880 /* African Americans.mp3 in Resources */ = {isa = PBXBuildFile; fileRef = 43A09A1C29AFC5A4000C7880 /* African Americans.mp3 */; };
/* End PBXBuildFile section */

/* Begin PBXFileReference section */
		4309331B29B8FC590052385E /* RoomView.swift */ = {isa = PBXFileReference; lastKnownFileType = sourcecode.swift; path = RoomView.swift; sourceTree = "<group>"; };
		4309332129B914320052385E /* CardView.swift */ = {isa = PBXFileReference; lastKnownFileType = sourcecode.swift; path = CardView.swift; sourceTree = "<group>"; };
		4350174429A6D68D00EBDCF6 /* LocationManager.swift */ = {isa = PBXFileReference; lastKnownFileType = sourcecode.swift; path = LocationManager.swift; sourceTree = "<group>"; };
		4350174729A6D9E700EBDCF6 /* LocationView.swift */ = {isa = PBXFileReference; lastKnownFileType = sourcecode.swift; path = LocationView.swift; sourceTree = "<group>"; };
		4368673629AD70A800DBDF7E /* ExhibitView.swift */ = {isa = PBXFileReference; lastKnownFileType = sourcecode.swift; path = ExhibitView.swift; sourceTree = "<group>"; };
		43886C5A29AD8D550036DFCF /* Magna Carta.mp3 */ = {isa = PBXFileReference; lastKnownFileType = audio.mp3; path = "Magna Carta.mp3"; sourceTree = "<group>"; };
		43991E2F29A6935900084F47 /* SmithBot.app */ = {isa = PBXFileReference; explicitFileType = wrapper.application; includeInIndex = 0; path = SmithBot.app; sourceTree = BUILT_PRODUCTS_DIR; };
		43991E3229A6935900084F47 /* SmithBotApp.swift */ = {isa = PBXFileReference; lastKnownFileType = sourcecode.swift; path = SmithBotApp.swift; sourceTree = "<group>"; };
		43991E3429A6935900084F47 /* ContentView.swift */ = {isa = PBXFileReference; lastKnownFileType = sourcecode.swift; path = ContentView.swift; sourceTree = "<group>"; };
		43991E3629A6935900084F47 /* Assets.xcassets */ = {isa = PBXFileReference; lastKnownFileType = folder.assetcatalog; path = Assets.xcassets; sourceTree = "<group>"; };
		43991E3929A6935900084F47 /* Preview Assets.xcassets */ = {isa = PBXFileReference; lastKnownFileType = folder.assetcatalog; path = "Preview Assets.xcassets"; sourceTree = "<group>"; };
		43991E4929A69EA300084F47 /* guidedTour2.mp3 */ = {isa = PBXFileReference; lastKnownFileType = audio.mp3; path = guidedTour2.mp3; sourceTree = "<group>"; };
		43991E4A29A69EA300084F47 /* guidedTour3.mp3 */ = {isa = PBXFileReference; lastKnownFileType = audio.mp3; path = guidedTour3.mp3; sourceTree = "<group>"; };
		43991E4E29A6B7DA00084F47 /* Info.plist */ = {isa = PBXFileReference; lastKnownFileType = text.plist; path = Info.plist; sourceTree = "<group>"; };
		43A09A1229AFBAB0000C7880 /* NeumorphicCard.swift */ = {isa = PBXFileReference; lastKnownFileType = sourcecode.swift; path = NeumorphicCard.swift; sourceTree = "<group>"; };
		43A09A1629AFBD14000C7880 /* NeumorphicButton.swift */ = {isa = PBXFileReference; lastKnownFileType = sourcecode.swift; path = NeumorphicButton.swift; sourceTree = "<group>"; };
		43A09A1829AFC390000C7880 /* Immigrants.mp3 */ = {isa = PBXFileReference; lastKnownFileType = audio.mp3; path = Immigrants.mp3; sourceTree = "<group>"; };
		43A09A1A29AFC4D9000C7880 /* Women.mp3 */ = {isa = PBXFileReference; lastKnownFileType = audio.mp3; path = Women.mp3; sourceTree = "<group>"; };
		43A09A1C29AFC5A4000C7880 /* African Americans.mp3 */ = {isa = PBXFileReference; lastKnownFileType = audio.mp3; path = "African Americans.mp3"; sourceTree = "<group>"; };
/* End PBXFileReference section */

/* Begin PBXFrameworksBuildPhase section */
		43991E2C29A6935900084F47 /* Frameworks */ = {
			isa = PBXFrameworksBuildPhase;
			buildActionMask = 2147483647;
			files = (
				43991E4529A69DAC00084F47 /* Subsonic in Frameworks */,
			);
			runOnlyForDeploymentPostprocessing = 0;
		};
/* End PBXFrameworksBuildPhase section */

/* Begin PBXGroup section */
		4309331D29B905030052385E /* Experimentation */ = {
			isa = PBXGroup;
			children = (
				4309331E29B9052A0052385E /* Views */,
				4350174329A6D67000EBDCF6 /* Model */,
				43A09A1629AFBD14000C7880 /* NeumorphicButton.swift */,
			);
			path = Experimentation;
			sourceTree = "<group>";
		};
		4309331E29B9052A0052385E /* Views */ = {
			isa = PBXGroup;
			children = (
				4350174729A6D9E700EBDCF6 /* LocationView.swift */,
				43A09A1229AFBAB0000C7880 /* NeumorphicCard.swift */,
			);
			path = Views;
			sourceTree = "<group>";
		};
		4350174329A6D67000EBDCF6 /* Model */ = {
			isa = PBXGroup;
			children = (
				4350174429A6D68D00EBDCF6 /* LocationManager.swift */,
			);
			path = Model;
			sourceTree = "<group>";
		};
		4350174629A6D9D500EBDCF6 /* Views */ = {
			isa = PBXGroup;
			children = (
				4309331B29B8FC590052385E /* RoomView.swift */,
				4309332129B914320052385E /* CardView.swift */,
				4368673629AD70A800DBDF7E /* ExhibitView.swift */,
			);
			path = Views;
			sourceTree = "<group>";
		};
		43991E2629A6935900084F47 = {
			isa = PBXGroup;
			children = (
				43991E3129A6935900084F47 /* SmithBot */,
				43991E3029A6935900084F47 /* Products */,
			);
			sourceTree = "<group>";
		};
		43991E3029A6935900084F47 /* Products */ = {
			isa = PBXGroup;
			children = (
				43991E2F29A6935900084F47 /* SmithBot.app */,
			);
			name = Products;
			sourceTree = "<group>";
		};
		43991E3129A6935900084F47 /* SmithBot */ = {
			isa = PBXGroup;
			children = (
				43991E4E29A6B7DA00084F47 /* Info.plist */,
				43991E3229A6935900084F47 /* SmithBotApp.swift */,
				43991E3429A6935900084F47 /* ContentView.swift */,
				4350174629A6D9D500EBDCF6 /* Views */,
				43991E4029A69CD700084F47 /* Sounds */,
				43991E3629A6935900084F47 /* Assets.xcassets */,
				43991E3829A6935900084F47 /* Preview Content */,
				4309331D29B905030052385E /* Experimentation */,
			);
			path = SmithBot;
			sourceTree = "<group>";
		};
		43991E3829A6935900084F47 /* Preview Content */ = {
			isa = PBXGroup;
			children = (
				43991E3929A6935900084F47 /* Preview Assets.xcassets */,
			);
			path = "Preview Content";
			sourceTree = "<group>";
		};
		43991E4029A69CD700084F47 /* Sounds */ = {
			isa = PBXGroup;
			children = (
				43886C5A29AD8D550036DFCF /* Magna Carta.mp3 */,
				43A09A1829AFC390000C7880 /* Immigrants.mp3 */,
				43A09A1A29AFC4D9000C7880 /* Women.mp3 */,
				43A09A1C29AFC5A4000C7880 /* African Americans.mp3 */,
				43991E4929A69EA300084F47 /* guidedTour2.mp3 */,
				43991E4A29A69EA300084F47 /* guidedTour3.mp3 */,
			);
			path = Sounds;
			sourceTree = "<group>";
		};
/* End PBXGroup section */

/* Begin PBXNativeTarget section */
		43991E2E29A6935900084F47 /* SmithBot */ = {
			isa = PBXNativeTarget;
			buildConfigurationList = 43991E3D29A6935900084F47 /* Build configuration list for PBXNativeTarget "SmithBot" */;
			buildPhases = (
				43991E2B29A6935900084F47 /* Sources */,
				43991E2C29A6935900084F47 /* Frameworks */,
				43991E2D29A6935900084F47 /* Resources */,
			);
			buildRules = (
			);
			dependencies = (
			);
			name = SmithBot;
			packageProductDependencies = (
				43991E4429A69DAC00084F47 /* Subsonic */,
			);
			productName = SmithBot;
			productReference = 43991E2F29A6935900084F47 /* SmithBot.app */;
			productType = "com.apple.product-type.application";
		};
/* End PBXNativeTarget section */

/* Begin PBXProject section */
		43991E2729A6935900084F47 /* Project object */ = {
			isa = PBXProject;
			attributes = {
				BuildIndependentTargetsInParallel = 1;
				LastSwiftUpdateCheck = 1420;
				LastUpgradeCheck = 1420;
				TargetAttributes = {
					43991E2E29A6935900084F47 = {
						CreatedOnToolsVersion = 14.2;
					};
				};
			};
			buildConfigurationList = 43991E2A29A6935900084F47 /* Build configuration list for PBXProject "SmithBot" */;
			compatibilityVersion = "Xcode 14.0";
			developmentRegion = en;
			hasScannedForEncodings = 0;
			knownRegions = (
				en,
				Base,
			);
			mainGroup = 43991E2629A6935900084F47;
			packageReferences = (
				43991E4329A69DAC00084F47 /* XCRemoteSwiftPackageReference "Subsonic" */,
			);
			productRefGroup = 43991E3029A6935900084F47 /* Products */;
			projectDirPath = "";
			projectRoot = "";
			targets = (
				43991E2E29A6935900084F47 /* SmithBot */,
			);
		};
/* End PBXProject section */

/* Begin PBXResourcesBuildPhase section */
		43991E2D29A6935900084F47 /* Resources */ = {
			isa = PBXResourcesBuildPhase;
			buildActionMask = 2147483647;
			files = (
				43886C5B29AD8D550036DFCF /* Magna Carta.mp3 in Resources */,
				43991E3A29A6935900084F47 /* Preview Assets.xcassets in Resources */,
				43A09A1D29AFC5A4000C7880 /* African Americans.mp3 in Resources */,
				43A09A1B29AFC4D9000C7880 /* Women.mp3 in Resources */,
				43991E3729A6935900084F47 /* Assets.xcassets in Resources */,
				43A09A1929AFC390000C7880 /* Immigrants.mp3 in Resources */,
				43991E4C29A69EA300084F47 /* guidedTour2.mp3 in Resources */,
				43991E4D29A69EA300084F47 /* guidedTour3.mp3 in Resources */,
			);
			runOnlyForDeploymentPostprocessing = 0;
		};
/* End PBXResourcesBuildPhase section */

/* Begin PBXSourcesBuildPhase section */
		43991E2B29A6935900084F47 /* Sources */ = {
			isa = PBXSourcesBuildPhase;
			buildActionMask = 2147483647;
			files = (
				43991E3529A6935900084F47 /* ContentView.swift in Sources */,
				4309332229B914320052385E /* CardView.swift in Sources */,
				4309331C29B8FC590052385E /* RoomView.swift in Sources */,
				43A09A1729AFBD14000C7880 /* NeumorphicButton.swift in Sources */,
				43A09A1329AFBAB0000C7880 /* NeumorphicCard.swift in Sources */,
				4350174829A6D9E700EBDCF6 /* LocationView.swift in Sources */,
				4368673729AD70A800DBDF7E /* ExhibitView.swift in Sources */,
				43991E3329A6935900084F47 /* SmithBotApp.swift in Sources */,
				4350174529A6D68D00EBDCF6 /* LocationManager.swift in Sources */,
			);
			runOnlyForDeploymentPostprocessing = 0;
		};
/* End PBXSourcesBuildPhase section */

/* Begin XCBuildConfiguration section */
		43991E3B29A6935900084F47 /* Debug */ = {
			isa = XCBuildConfiguration;
			buildSettings = {
				ALWAYS_SEARCH_USER_PATHS = NO;
				CLANG_ANALYZER_NONNULL = YES;
				CLANG_ANALYZER_NUMBER_OBJECT_CONVERSION = YES_AGGRESSIVE;
				CLANG_CXX_LANGUAGE_STANDARD = "gnu++20";
				CLANG_ENABLE_MODULES = YES;
				CLANG_ENABLE_OBJC_ARC = YES;
				CLANG_ENABLE_OBJC_WEAK = YES;
				CLANG_WARN_BLOCK_CAPTURE_AUTORELEASING = YES;
				CLANG_WARN_BOOL_CONVERSION = YES;
				CLANG_WARN_COMMA = YES;
				CLANG_WARN_CONSTANT_CONVERSION = YES;
				CLANG_WARN_DEPRECATED_OBJC_IMPLEMENTATIONS = YES;
				CLANG_WARN_DIRECT_OBJC_ISA_USAGE = YES_ERROR;
				CLANG_WARN_DOCUMENTATION_COMMENTS = YES;
				CLANG_WARN_EMPTY_BODY = YES;
				CLANG_WARN_ENUM_CONVERSION = YES;
				CLANG_WARN_INFINITE_RECURSION = YES;
				CLANG_WARN_INT_CONVERSION = YES;
				CLANG_WARN_NON_LITERAL_NULL_CONVERSION = YES;
				CLANG_WARN_OBJC_IMPLICIT_RETAIN_SELF = YES;
				CLANG_WARN_OBJC_LITERAL_CONVERSION = YES;
				CLANG_WARN_OBJC_ROOT_CLASS = YES_ERROR;
				CLANG_WARN_QUOTED_INCLUDE_IN_FRAMEWORK_HEADER = YES;
				CLANG_WARN_RANGE_LOOP_ANALYSIS = YES;
				CLANG_WARN_STRICT_PROTOTYPES = YES;
				CLANG_WARN_SUSPICIOUS_MOVE = YES;
				CLANG_WARN_UNGUARDED_AVAILABILITY = YES_AGGRESSIVE;
				CLANG_WARN_UNREACHABLE_CODE = YES;
				CLANG_WARN__DUPLICATE_METHOD_MATCH = YES;
				COPY_PHASE_STRIP = NO;
				DEBUG_INFORMATION_FORMAT = dwarf;
				ENABLE_STRICT_OBJC_MSGSEND = YES;
				ENABLE_TESTABILITY = YES;
				GCC_C_LANGUAGE_STANDARD = gnu11;
				GCC_DYNAMIC_NO_PIC = NO;
				GCC_NO_COMMON_BLOCKS = YES;
				GCC_OPTIMIZATION_LEVEL = 0;
				GCC_PREPROCESSOR_DEFINITIONS = (
					"DEBUG=1",
					"$(inherited)",
				);
				GCC_WARN_64_TO_32_BIT_CONVERSION = YES;
				GCC_WARN_ABOUT_RETURN_TYPE = YES_ERROR;
				GCC_WARN_UNDECLARED_SELECTOR = YES;
				GCC_WARN_UNINITIALIZED_AUTOS = YES_AGGRESSIVE;
				GCC_WARN_UNUSED_FUNCTION = YES;
				GCC_WARN_UNUSED_VARIABLE = YES;
				IPHONEOS_DEPLOYMENT_TARGET = 16.2;
				MTL_ENABLE_DEBUG_INFO = INCLUDE_SOURCE;
				MTL_FAST_MATH = YES;
				ONLY_ACTIVE_ARCH = YES;
				SDKROOT = iphoneos;
				SWIFT_ACTIVE_COMPILATION_CONDITIONS = DEBUG;
				SWIFT_OPTIMIZATION_LEVEL = "-Onone";
			};
			name = Debug;
		};
		43991E3C29A6935900084F47 /* Release */ = {
			isa = XCBuildConfiguration;
			buildSettings = {
				ALWAYS_SEARCH_USER_PATHS = NO;
				CLANG_ANALYZER_NONNULL = YES;
				CLANG_ANALYZER_NUMBER_OBJECT_CONVERSION = YES_AGGRESSIVE;
				CLANG_CXX_LANGUAGE_STANDARD = "gnu++20";
				CLANG_ENABLE_MODULES = YES;
				CLANG_ENABLE_OBJC_ARC = YES;
				CLANG_ENABLE_OBJC_WEAK = YES;
				CLANG_WARN_BLOCK_CAPTURE_AUTORELEASING = YES;
				CLANG_WARN_BOOL_CONVERSION = YES;
				CLANG_WARN_COMMA = YES;
				CLANG_WARN_CONSTANT_CONVERSION = YES;
				CLANG_WARN_DEPRECATED_OBJC_IMPLEMENTATIONS = YES;
				CLANG_WARN_DIRECT_OBJC_ISA_USAGE = YES_ERROR;
				CLANG_WARN_DOCUMENTATION_COMMENTS = YES;
				CLANG_WARN_EMPTY_BODY = YES;
				CLANG_WARN_ENUM_CONVERSION = YES;
				CLANG_WARN_INFINITE_RECURSION = YES;
				CLANG_WARN_INT_CONVERSION = YES;
				CLANG_WARN_NON_LITERAL_NULL_CONVERSION = YES;
				CLANG_WARN_OBJC_IMPLICIT_RETAIN_SELF = YES;
				CLANG_WARN_OBJC_LITERAL_CONVERSION = YES;
				CLANG_WARN_OBJC_ROOT_CLASS = YES_ERROR;
				CLANG_WARN_QUOTED_INCLUDE_IN_FRAMEWORK_HEADER = YES;
				CLANG_WARN_RANGE_LOOP_ANALYSIS = YES;
				CLANG_WARN_STRICT_PROTOTYPES = YES;
				CLANG_WARN_SUSPICIOUS_MOVE = YES;
				CLANG_WARN_UNGUARDED_AVAILABILITY = YES_AGGRESSIVE;
				CLANG_WARN_UNREACHABLE_CODE = YES;
				CLANG_WARN__DUPLICATE_METHOD_MATCH = YES;
				COPY_PHASE_STRIP = NO;
				DEBUG_INFORMATION_FORMAT = "dwarf-with-dsym";
				ENABLE_NS_ASSERTIONS = NO;
				ENABLE_STRICT_OBJC_MSGSEND = YES;
				GCC_C_LANGUAGE_STANDARD = gnu11;
				GCC_NO_COMMON_BLOCKS = YES;
				GCC_WARN_64_TO_32_BIT_CONVERSION = YES;
				GCC_WARN_ABOUT_RETURN_TYPE = YES_ERROR;
				GCC_WARN_UNDECLARED_SELECTOR = YES;
				GCC_WARN_UNINITIALIZED_AUTOS = YES_AGGRESSIVE;
				GCC_WARN_UNUSED_FUNCTION = YES;
				GCC_WARN_UNUSED_VARIABLE = YES;
				IPHONEOS_DEPLOYMENT_TARGET = 16.2;
				MTL_ENABLE_DEBUG_INFO = NO;
				MTL_FAST_MATH = YES;
				SDKROOT = iphoneos;
				SWIFT_COMPILATION_MODE = wholemodule;
				SWIFT_OPTIMIZATION_LEVEL = "-O";
				VALIDATE_PRODUCT = YES;
			};
			name = Release;
		};
		43991E3E29A6935900084F47 /* Debug */ = {
			isa = XCBuildConfiguration;
			buildSettings = {
				ASSETCATALOG_COMPILER_APPICON_NAME = AppIcon;
				ASSETCATALOG_COMPILER_GLOBAL_ACCENT_COLOR_NAME = AccentColor;
				CODE_SIGN_STYLE = Automatic;
				CURRENT_PROJECT_VERSION = 1;
				DEVELOPMENT_ASSET_PATHS = "\"SmithBot/Preview Content\"";
				DEVELOPMENT_TEAM = 6622RAMHJL;
				ENABLE_PREVIEWS = YES;
				GENERATE_INFOPLIST_FILE = YES;
				INFOPLIST_FILE = SmithBot/Info.plist;
				INFOPLIST_KEY_NSLocationAlwaysAndWhenInUseUsageDescription = "We use your location to guide your tour";
				INFOPLIST_KEY_NSLocationWhenInUseUsageDescription = "We use your location to guide your tour.";
				INFOPLIST_KEY_UIApplicationSceneManifest_Generation = YES;
				INFOPLIST_KEY_UIApplicationSupportsIndirectInputEvents = YES;
				INFOPLIST_KEY_UILaunchScreen_Generation = YES;
				INFOPLIST_KEY_UISupportedInterfaceOrientations_iPad = "UIInterfaceOrientationPortrait UIInterfaceOrientationPortraitUpsideDown UIInterfaceOrientationLandscapeLeft UIInterfaceOrientationLandscapeRight";
				INFOPLIST_KEY_UISupportedInterfaceOrientations_iPhone = "UIInterfaceOrientationPortrait UIInterfaceOrientationLandscapeLeft UIInterfaceOrientationLandscapeRight";
				LD_RUNPATH_SEARCH_PATHS = (
					"$(inherited)",
					"@executable_path/Frameworks",
				);
				MARKETING_VERSION = 1.0;
				PRODUCT_BUNDLE_IDENTIFIER = com.pat.win.SmithBot;
				PRODUCT_NAME = "$(TARGET_NAME)";
				SWIFT_EMIT_LOC_STRINGS = YES;
				SWIFT_VERSION = 5.0;
				TARGETED_DEVICE_FAMILY = "1,2";
			};
			name = Debug;
		};
		43991E3F29A6935900084F47 /* Release */ = {
			isa = XCBuildConfiguration;
			buildSettings = {
				ASSETCATALOG_COMPILER_APPICON_NAME = AppIcon;
				ASSETCATALOG_COMPILER_GLOBAL_ACCENT_COLOR_NAME = AccentColor;
				CODE_SIGN_STYLE = Automatic;
				CURRENT_PROJECT_VERSION = 1;
				DEVELOPMENT_ASSET_PATHS = "\"SmithBot/Preview Content\"";
				DEVELOPMENT_TEAM = 6622RAMHJL;
				ENABLE_PREVIEWS = YES;
				GENERATE_INFOPLIST_FILE = YES;
				INFOPLIST_FILE = SmithBot/Info.plist;
				INFOPLIST_KEY_NSLocationAlwaysAndWhenInUseUsageDescription = "We use your location to guide your tour";
				INFOPLIST_KEY_NSLocationWhenInUseUsageDescription = "We use your location to guide your tour.";
				INFOPLIST_KEY_UIApplicationSceneManifest_Generation = YES;
				INFOPLIST_KEY_UIApplicationSupportsIndirectInputEvents = YES;
				INFOPLIST_KEY_UILaunchScreen_Generation = YES;
				INFOPLIST_KEY_UISupportedInterfaceOrientations_iPad = "UIInterfaceOrientationPortrait UIInterfaceOrientationPortraitUpsideDown UIInterfaceOrientationLandscapeLeft UIInterfaceOrientationLandscapeRight";
				INFOPLIST_KEY_UISupportedInterfaceOrientations_iPhone = "UIInterfaceOrientationPortrait UIInterfaceOrientationLandscapeLeft UIInterfaceOrientationLandscapeRight";
				LD_RUNPATH_SEARCH_PATHS = (
					"$(inherited)",
					"@executable_path/Frameworks",
				);
				MARKETING_VERSION = 1.0;
				PRODUCT_BUNDLE_IDENTIFIER = com.pat.win.SmithBot;
				PRODUCT_NAME = "$(TARGET_NAME)";
				SWIFT_EMIT_LOC_STRINGS = YES;
				SWIFT_VERSION = 5.0;
				TARGETED_DEVICE_FAMILY = "1,2";
			};
			name = Release;
		};
/* End XCBuildConfiguration section */

/* Begin XCConfigurationList section */
		43991E2A29A6935900084F47 /* Build configuration list for PBXProject "SmithBot" */ = {
			isa = XCConfigurationList;
			buildConfigurations = (
				43991E3B29A6935900084F47 /* Debug */,
				43991E3C29A6935900084F47 /* Release */,
			);
			defaultConfigurationIsVisible = 0;
			defaultConfigurationName = Release;
		};
		43991E3D29A6935900084F47 /* Build configuration list for PBXNativeTarget "SmithBot" */ = {
			isa = XCConfigurationList;
			buildConfigurations = (
				43991E3E29A6935900084F47 /* Debug */,
				43991E3F29A6935900084F47 /* Release */,
			);
			defaultConfigurationIsVisible = 0;
			defaultConfigurationName = Release;
		};
/* End XCConfigurationList section */

/* Begin XCRemoteSwiftPackageReference section */
		43991E4329A69DAC00084F47 /* XCRemoteSwiftPackageReference "Subsonic" */ = {
			isa = XCRemoteSwiftPackageReference;
			repositoryURL = "https://github.com/twostraws/Subsonic";
			requirement = {
				kind = upToNextMajorVersion;
				minimumVersion = 0.2.0;
			};
		};
/* End XCRemoteSwiftPackageReference section */

/* Begin XCSwiftPackageProductDependency section */
		43991E4429A69DAC00084F47 /* Subsonic */ = {
			isa = XCSwiftPackageProductDependency;
			package = 43991E4329A69DAC00084F47 /* XCRemoteSwiftPackageReference "Subsonic" */;
			productName = Subsonic;
		};
/* End XCSwiftPackageProductDependency section */
	};
	rootObject = 43991E2729A6935900084F47 /* Project object */;
}
